
Microsoft Visual Studio Solution File, Format Version 12.00
# Visual Studio 14
VisualStudioVersion = 14.0.23107.0
MinimumVisualStudioVersion = 10.0.40219.1
Project("{FAE04EC0-301F-11D3-BF4B-00C04F79EFBC}") = "hashTable", "hashTable\hashTable.csproj", "{EEAFF743-257C-4B3A-A978-2B708334DD90}"
EndProject
Global
	GlobalSection(SolutionConfigurationPlatforms) = preSolution
		Debug|Any CPU = Debug|Any CPU
		Release|Any CPU = Release|Any CPU
	EndGlobalSection
	GlobalSection(ProjectConfigurationPlatforms) = postSolution
		{EEAFF743-257C-4B3A-A978-2B708334DD90}.Debug|Any CPU.ActiveCfg = Debug|Any CPU
		{EEAFF743-257C-4B3A-A978-2B708334DD90}.Debug|Any CPU.Build.0 = Debug|Any CPU
		{EEAFF743-257C-4B3A-A978-2B708334DD90}.Release|Any CPU.ActiveCfg = Release|Any CPU
		{EEAFF743-257C-4B3A-A978-2B708334DD90}.Release|Any CPU.Build.0 = Release|Any CPU
	EndGlobalSection
	GlobalSection(SolutionProperties) = preSolution
		HideSolutionNode = FALSE
	EndGlobalSection
EndGlobal
